
Microsoft Visual Studio Solution File, Format Version 12.00
# Visual Studio 15
VisualStudioVersion = 15.0.27428.2043
MinimumVisualStudioVersion = 10.0.40219.1
Project("{FAE04EC0-301F-11D3-BF4B-00C04F79EFBC}") = "PDFSample", "PDFSample\PDFSample.csproj", "{BE04DD5A-6580-41D5-B66F-4E26B7A4FD1B}"
EndProject
Project("{E53339B2-1760-4266-BCC7-CA923CBCF16C}") = "docker-compose", "docker-compose.dcproj", "{BD7DC12F-71A6-4920-B644-DAFB1B8B9658}"
EndProject
Global
	GlobalSection(SolutionConfigurationPlatforms) = preSolution
		Debug|Any CPU = Debug|Any CPU
		Release|Any CPU = Release|Any CPU
	EndGlobalSection
	GlobalSection(ProjectConfigurationPlatforms) = postSolution
		{BE04DD5A-6580-41D5-B66F-4E26B7A4FD1B}.Debug|Any CPU.ActiveCfg = Debug|Any CPU
		{BE04DD5A-6580-41D5-B66F-4E26B7A4FD1B}.Debug|Any CPU.Build.0 = Debug|Any CPU
		{BE04DD5A-6580-41D5-B66F-4E26B7A4FD1B}.Release|Any CPU.ActiveCfg = Release|Any CPU
		{BE04DD5A-6580-41D5-B66F-4E26B7A4FD1B}.Release|Any CPU.Build.0 = Release|Any CPU
		{BD7DC12F-71A6-4920-B644-DAFB1B8B9658}.Debug|Any CPU.ActiveCfg = Debug|Any CPU
		{BD7DC12F-71A6-4920-B644-DAFB1B8B9658}.Debug|Any CPU.Build.0 = Debug|Any CPU
		{BD7DC12F-71A6-4920-B644-DAFB1B8B9658}.Release|Any CPU.ActiveCfg = Release|Any CPU
		{BD7DC12F-71A6-4920-B644-DAFB1B8B9658}.Release|Any CPU.Build.0 = Release|Any CPU
	EndGlobalSection
	GlobalSection(SolutionProperties) = preSolution
		HideSolutionNode = FALSE
	EndGlobalSection
	GlobalSection(ExtensibilityGlobals) = postSolution
		SolutionGuid = {F58A9266-FB8E-4FA3-AB35-4B2AD91BEB60}
	EndGlobalSection
EndGlobal
